
Microsoft Visual Studio Solution File, Format Version 12.00
# Visual Studio Version 17
VisualStudioVersion = 17.10.35027.167
MinimumVisualStudioVersion = 10.0.40219.1
Project("{FAE04EC0-301F-11D3-BF4B-00C04F79EFBC}") = "BIgLenghtArrayFunction", "BIgLenghtArrayFunction\BIgLenghtArrayFunction.csproj", "{D20DD701-A19B-4C06-8751-0A5B0541B623}"
EndProject
Global
	GlobalSection(SolutionConfigurationPlatforms) = preSolution
		Debug|Any CPU = Debug|Any CPU
		Release|Any CPU = Release|Any CPU
	EndGlobalSection
	GlobalSection(ProjectConfigurationPlatforms) = postSolution
		{D20DD701-A19B-4C06-8751-0A5B0541B623}.Debug|Any CPU.ActiveCfg = Debug|Any CPU
		{D20DD701-A19B-4C06-8751-0A5B0541B623}.Debug|Any CPU.Build.0 = Debug|Any CPU
		{D20DD701-A19B-4C06-8751-0A5B0541B623}.Release|Any CPU.ActiveCfg = Release|Any CPU
		{D20DD701-A19B-4C06-8751-0A5B0541B623}.Release|Any CPU.Build.0 = Release|Any CPU
	EndGlobalSection
	GlobalSection(SolutionProperties) = preSolution
		HideSolutionNode = FALSE
	EndGlobalSection
	GlobalSection(ExtensibilityGlobals) = postSolution
		SolutionGuid = {4D09851C-229E-4A1E-B1D3-72B8B14F2F9D}
	EndGlobalSection
EndGlobal
