
Microsoft Visual Studio Solution File, Format Version 12.00
# Visual Studio Version 17
VisualStudioVersion = 17.10.35027.167
MinimumVisualStudioVersion = 10.0.40219.1
Project("{FAE04EC0-301F-11D3-BF4B-00C04F79EFBC}") = "AccountDetails", "AccountDetails\AccountDetails.csproj", "{9721A2A7-3ABB-44E5-8F1F-347FA49A440B}"
EndProject
Global
	GlobalSection(SolutionConfigurationPlatforms) = preSolution
		Debug|Any CPU = Debug|Any CPU
		Release|Any CPU = Release|Any CPU
	EndGlobalSection
	GlobalSection(ProjectConfigurationPlatforms) = postSolution
		{9721A2A7-3ABB-44E5-8F1F-347FA49A440B}.Debug|Any CPU.ActiveCfg = Debug|Any CPU
		{9721A2A7-3ABB-44E5-8F1F-347FA49A440B}.Debug|Any CPU.Build.0 = Debug|Any CPU
		{9721A2A7-3ABB-44E5-8F1F-347FA49A440B}.Release|Any CPU.ActiveCfg = Release|Any CPU
		{9721A2A7-3ABB-44E5-8F1F-347FA49A440B}.Release|Any CPU.Build.0 = Release|Any CPU
	EndGlobalSection
	GlobalSection(SolutionProperties) = preSolution
		HideSolutionNode = FALSE
	EndGlobalSection
	GlobalSection(ExtensibilityGlobals) = postSolution
		SolutionGuid = {290DFC04-4BD2-4D68-A751-547BC4BA0F4F}
	EndGlobalSection
EndGlobal
