
Microsoft Visual Studio Solution File, Format Version 12.00
# Visual Studio Version 17
VisualStudioVersion = 17.10.35027.167
MinimumVisualStudioVersion = 10.0.40219.1
Project("{FAE04EC0-301F-11D3-BF4B-00C04F79EFBC}") = "CustomerDetailsApp", "CustomerDetailsApp\CustomerDetailsApp.csproj", "{1DBE0412-A61A-4675-A6BF-41563B295E76}"
EndProject
Global
	GlobalSection(SolutionConfigurationPlatforms) = preSolution
		Debug|Any CPU = Debug|Any CPU
		Release|Any CPU = Release|Any CPU
	EndGlobalSection
	GlobalSection(ProjectConfigurationPlatforms) = postSolution
		{1DBE0412-A61A-4675-A6BF-41563B295E76}.Debug|Any CPU.ActiveCfg = Debug|Any CPU
		{1DBE0412-A61A-4675-A6BF-41563B295E76}.Debug|Any CPU.Build.0 = Debug|Any CPU
		{1DBE0412-A61A-4675-A6BF-41563B295E76}.Release|Any CPU.ActiveCfg = Release|Any CPU
		{1DBE0412-A61A-4675-A6BF-41563B295E76}.Release|Any CPU.Build.0 = Release|Any CPU
	EndGlobalSection
	GlobalSection(SolutionProperties) = preSolution
		HideSolutionNode = FALSE
	EndGlobalSection
	GlobalSection(ExtensibilityGlobals) = postSolution
		SolutionGuid = {5F383027-1F1C-4A71-A54A-2C2AF620C896}
	EndGlobalSection
EndGlobal
