
Microsoft Visual Studio Solution File, Format Version 12.00
# Visual Studio Version 17
VisualStudioVersion = 17.10.35027.167
MinimumVisualStudioVersion = 10.0.40219.1
Project("{FAE04EC0-301F-11D3-BF4B-00C04F79EFBC}") = "AccountFactory", "AccountFactory\AccountFactory.csproj", "{959B67E2-2ED2-4731-A85D-A40E51AD80D4}"
EndProject
Global
	GlobalSection(SolutionConfigurationPlatforms) = preSolution
		Debug|Any CPU = Debug|Any CPU
		Release|Any CPU = Release|Any CPU
	EndGlobalSection
	GlobalSection(ProjectConfigurationPlatforms) = postSolution
		{959B67E2-2ED2-4731-A85D-A40E51AD80D4}.Debug|Any CPU.ActiveCfg = Debug|Any CPU
		{959B67E2-2ED2-4731-A85D-A40E51AD80D4}.Debug|Any CPU.Build.0 = Debug|Any CPU
		{959B67E2-2ED2-4731-A85D-A40E51AD80D4}.Release|Any CPU.ActiveCfg = Release|Any CPU
		{959B67E2-2ED2-4731-A85D-A40E51AD80D4}.Release|Any CPU.Build.0 = Release|Any CPU
	EndGlobalSection
	GlobalSection(SolutionProperties) = preSolution
		HideSolutionNode = FALSE
	EndGlobalSection
	GlobalSection(ExtensibilityGlobals) = postSolution
		SolutionGuid = {11CEFDED-AE97-4D38-B3E5-4380E3BC9691}
	EndGlobalSection
EndGlobal
