
Microsoft Visual Studio Solution File, Format Version 12.00
# Visual Studio Version 17
VisualStudioVersion = 17.10.35027.167
MinimumVisualStudioVersion = 10.0.40219.1
Project("{FAE04EC0-301F-11D3-BF4B-00C04F79EFBC}") = "SumOfAlternateNum", "SumOfAlternateNum\SumOfAlternateNum.csproj", "{C6F222AA-6111-4295-9C03-4C8B00513BEA}"
EndProject
Global
	GlobalSection(SolutionConfigurationPlatforms) = preSolution
		Debug|Any CPU = Debug|Any CPU
		Release|Any CPU = Release|Any CPU
	EndGlobalSection
	GlobalSection(ProjectConfigurationPlatforms) = postSolution
		{C6F222AA-6111-4295-9C03-4C8B00513BEA}.Debug|Any CPU.ActiveCfg = Debug|Any CPU
		{C6F222AA-6111-4295-9C03-4C8B00513BEA}.Debug|Any CPU.Build.0 = Debug|Any CPU
		{C6F222AA-6111-4295-9C03-4C8B00513BEA}.Release|Any CPU.ActiveCfg = Release|Any CPU
		{C6F222AA-6111-4295-9C03-4C8B00513BEA}.Release|Any CPU.Build.0 = Release|Any CPU
	EndGlobalSection
	GlobalSection(SolutionProperties) = preSolution
		HideSolutionNode = FALSE
	EndGlobalSection
	GlobalSection(ExtensibilityGlobals) = postSolution
		SolutionGuid = {54E99A07-B1DE-47F6-92A6-DD7303F4401B}
	EndGlobalSection
EndGlobal
