
Microsoft Visual Studio Solution File, Format Version 12.00
# Visual Studio Version 17
VisualStudioVersion = 17.10.35027.167
MinimumVisualStudioVersion = 10.0.40219.1
Project("{FAE04EC0-301F-11D3-BF4B-00C04F79EFBC}") = "RotateArr", "RotateArr\RotateArr.csproj", "{285CD724-FF87-4E93-A037-84BB3369A4EF}"
EndProject
Global
	GlobalSection(SolutionConfigurationPlatforms) = preSolution
		Debug|Any CPU = Debug|Any CPU
		Release|Any CPU = Release|Any CPU
	EndGlobalSection
	GlobalSection(ProjectConfigurationPlatforms) = postSolution
		{285CD724-FF87-4E93-A037-84BB3369A4EF}.Debug|Any CPU.ActiveCfg = Debug|Any CPU
		{285CD724-FF87-4E93-A037-84BB3369A4EF}.Debug|Any CPU.Build.0 = Debug|Any CPU
		{285CD724-FF87-4E93-A037-84BB3369A4EF}.Release|Any CPU.ActiveCfg = Release|Any CPU
		{285CD724-FF87-4E93-A037-84BB3369A4EF}.Release|Any CPU.Build.0 = Release|Any CPU
	EndGlobalSection
	GlobalSection(SolutionProperties) = preSolution
		HideSolutionNode = FALSE
	EndGlobalSection
	GlobalSection(ExtensibilityGlobals) = postSolution
		SolutionGuid = {49D5A8DE-A9AC-400D-9C74-0A3BBD98C3F4}
	EndGlobalSection
EndGlobal
